
Microsoft Visual Studio Solution File, Format Version 9.00
# Visual Studio 2005
Project("{8BC9CEB8-8B4A-11D0-8D11-00A0C91BC942}") = "example", "example.vcproj", "{24A9F4E2-8DBB-4544-AF28-7E57763C6E43}"
	ProjectSection(ProjectDependencies) = postProject
		{BC669284-FAFB-4037-9972-E89C2C4D2688} = {BC669284-FAFB-4037-9972-E89C2C4D2688}
	EndProjectSection
EndProject
Project("{8BC9CEB8-8B4A-11D0-8D11-00A0C91BC942}") = "minigzip", "minigzip.vcproj", "{324CDE14-B7C0-473E-9A3C-0DD2213F8295}"
	ProjectSection(ProjectDependencies) = postProject
		{BC669284-FAFB-4037-9972-E89C2C4D2688} = {BC669284-FAFB-4037-9972-E89C2C4D2688}
	EndProjectSection
EndProject
Project("{8BC9CEB8-8B4A-11D0-8D11-00A0C91BC942}") = "zlib", "zlib.vcproj", "{BC669284-FAFB-4037-9972-E89C2C4D2688}"
EndProject
Global
	GlobalSection(SolutionConfigurationPlatforms) = preSolution
		DLL ASM Debug|Win32 = DLL ASM Debug|Win32
		DLL ASM Debug|x64 = DLL ASM Debug|x64
		DLL ASM Release|Win32 = DLL ASM Release|Win32
		DLL ASM Release|x64 = DLL ASM Release|x64
		DLL Debug|Win32 = DLL Debug|Win32
		DLL Debug|x64 = DLL Debug|x64
		DLL Release|Win32 = DLL Release|Win32
		DLL Release|x64 = DLL Release|x64
		LIB ASM Debug|Win32 = LIB ASM Debug|Win32
		LIB ASM Debug|x64 = LIB ASM Debug|x64
		LIB ASM Release|Win32 = LIB ASM Release|Win32
		LIB ASM Release|x64 = LIB ASM Release|x64
		LIB Debug|Win32 = LIB Debug|Win32
		LIB Debug|x64 = LIB Debug|x64
		LIB Release|Win32 = LIB Release|Win32
		LIB Release|x64 = LIB Release|x64
	EndGlobalSection
	GlobalSection(ProjectConfigurationPlatforms) = postSolution
		{24A9F4E2-8DBB-4544-AF28-7E57763C6E43}.DLL ASM Debug|Win32.ActiveCfg = DLL ASM Debug|Win32
		{24A9F4E2-8DBB-4544-AF28-7E57763C6E43}.DLL ASM Debug|Win32.Build.0 = DLL ASM Debug|Win32
		{24A9F4E2-8DBB-4544-AF28-7E57763C6E43}.DLL ASM Debug|x64.ActiveCfg = DLL ASM Debug|x64
		{24A9F4E2-8DBB-4544-AF28-7E57763C6E43}.DLL ASM Release|Win32.ActiveCfg = DLL ASM Release|Win32
		{24A9F4E2-8DBB-4544-AF28-7E57763C6E43}.DLL ASM Release|Win32.Build.0 = DLL ASM Release|Win32
		{24A9F4E2-8DBB-4544-AF28-7E57763C6E43}.DLL ASM Release|x64.ActiveCfg = DLL ASM Release|x64
		{24A9F4E2-8DBB-4544-AF28-7E57763C6E43}.DLL Debug|Win32.ActiveCfg = DLL Debug|Win32
		{24A9F4E2-8DBB-4544-AF28-7E57763C6E43}.DLL Debug|Win32.Build.0 = DLL Debug|Win32
		{24A9F4E2-8DBB-4544-AF28-7E57763C6E43}.DLL Debug|x64.ActiveCfg = DLL Debug|x64
		{24A9F4E2-8DBB-4544-AF28-7E57763C6E43}.DLL Release|Win32.ActiveCfg = DLL Release|Win32
		{24A9F4E2-8DBB-4544-AF28-7E57763C6E43}.DLL Release|Win32.Build.0 = DLL Release|Win32
		{24A9F4E2-8DBB-4544-AF28-7E57763C6E43}.DLL Release|x64.ActiveCfg = DLL Release|x64
		{24A9F4E2-8DBB-4544-AF28-7E57763C6E43}.LIB ASM Debug|Win32.ActiveCfg = LIB ASM Debug|Win32
		{24A9F4E2-8DBB-4544-AF28-7E57763C6E43}.LIB ASM Debug|Win32.Build.0 = LIB ASM Debug|Win32
		{24A9F4E2-8DBB-4544-AF28-7E57763C6E43}.LIB ASM Debug|x64.ActiveCfg = LIB ASM Debug|x64
		{24A9F4E2-8DBB-4544-AF28-7E57763C6E43}.LIB ASM Release|Win32.ActiveCfg = LIB ASM Release|Win32
		{24A9F4E2-8DBB-4544-AF28-7E57763C6E43}.LIB ASM Release|Win32.Build.0 = LIB ASM Release|Win32
		{24A9F4E2-8DBB-4544-AF28-7E57763C6E43}.LIB ASM Release|x64.ActiveCfg = LIB ASM Release|x64
		{24A9F4E2-8DBB-4544-AF28-7E57763C6E43}.LIB Debug|Win32.ActiveCfg = LIB Debug|Win32
		{24A9F4E2-8DBB-4544-AF28-7E57763C6E43}.LIB Debug|Win32.Build.0 = LIB Debug|Win32
		{24A9F4E2-8DBB-4544-AF28-7E57763C6E43}.LIB Debug|x64.ActiveCfg = LIB Debug|x64
		{24A9F4E2-8DBB-4544-AF28-7E57763C6E43}.LIB Release|Win32.ActiveCfg = LIB Release|Win32
		{24A9F4E2-8DBB-4544-AF28-7E57763C6E43}.LIB Release|x64.ActiveCfg = LIB Release|x64
		{324CDE14-B7C0-473E-9A3C-0DD2213F8295}.DLL ASM Debug|Win32.ActiveCfg = DLL ASM Debug|Win32
		{324CDE14-B7C0-473E-9A3C-0DD2213F8295}.DLL ASM Debug|Win32.Build.0 = DLL ASM Debug|Win32
		{324CDE14-B7C0-473E-9A3C-0DD2213F8295}.DLL ASM Debug|x64.ActiveCfg = DLL ASM Debug|x64
		{324CDE14-B7C0-473E-9A3C-0DD2213F8295}.DLL ASM Release|Win32.ActiveCfg = DLL ASM Release|Win32
		{324CDE14-B7C0-473E-9A3C-0DD2213F8295}.DLL ASM Release|Win32.Build.0 = DLL ASM Release|Win32
		{324CDE14-B7C0-473E-9A3C-0DD2213F8295}.DLL ASM Release|x64.ActiveCfg = DLL ASM Release|x64
		{324CDE14-B7C0-473E-9A3C-0DD2213F8295}.DLL Debug|Win32.ActiveCfg = DLL Debug|Win32
		{324CDE14-B7C0-473E-9A3C-0DD2213F8295}.DLL Debug|Win32.Build.0 = DLL Debug|Win32
		{324CDE14-B7C0-473E-9A3C-0DD2213F8295}.DLL Debug|x64.ActiveCfg = DLL Debug|x64
		{324CDE14-B7C0-473E-9A3C-0DD2213F8295}.DLL Release|Win32.ActiveCfg = DLL Release|Win32
		{324CDE14-B7C0-473E-9A3C-0DD2213F8295}.DLL Release|Win32.Build.0 = DLL Release|Win32
		{324CDE14-B7C0-473E-9A3C-0DD2213F8295}.DLL Release|x64.ActiveCfg = DLL Release|x64
		{324CDE14-B7C0-473E-9A3C-0DD2213F8295}.LIB ASM Debug|Win32.ActiveCfg = LIB ASM Debug|Win32
		{324CDE14-B7C0-473E-9A3C-0DD2213F8295}.LIB ASM Debug|Win32.Build.0 = LIB ASM Debug|Win32
		{324CDE14-B7C0-473E-9A3C-0DD2213F8295}.LIB ASM Debug|x64.ActiveCfg = LIB ASM Debug|x64
		{324CDE14-B7C0-473E-9A3C-0DD2213F8295}.LIB ASM Release|Win32.ActiveCfg = LIB ASM Release|Win32
		{324CDE14-B7C0-473E-9A3C-0DD2213F8295}.LIB ASM Release|Win32.Build.0 = LIB ASM Release|Win32
		{324CDE14-B7C0-473E-9A3C-0DD2213F8295}.LIB ASM Release|x64.ActiveCfg = LIB ASM Release|x64
		{324CDE14-B7C0-473E-9A3C-0DD2213F8295}.LIB Debug|Win32.ActiveCfg = LIB Debug|Win32
		{324CDE14-B7C0-473E-9A3C-0DD2213F8295}.LIB Debug|Win32.Build.0 = LIB Debug|Win32
		{324CDE14-B7C0-473E-9A3C-0DD2213F8295}.LIB Debug|x64.ActiveCfg = LIB Debug|x64
		{324CDE14-B7C0-473E-9A3C-0DD2213F8295}.LIB Release|Win32.ActiveCfg = LIB Release|Win32
		{324CDE14-B7C0-473E-9A3C-0DD2213F8295}.LIB Release|x64.ActiveCfg = LIB Release|x64
		{BC669284-FAFB-4037-9972-E89C2C4D2688}.DLL ASM Debug|Win32.ActiveCfg = DLL ASM Debug|Win32
		{BC669284-FAFB-4037-9972-E89C2C4D2688}.DLL ASM Debug|Win32.Build.0 = DLL ASM Debug|Win32
		{BC669284-FAFB-4037-9972-E89C2C4D2688}.DLL ASM Debug|x64.ActiveCfg = DLL ASM Debug|x64
		{BC669284-FAFB-4037-9972-E89C2C4D2688}.DLL ASM Debug|x64.Build.0 = DLL ASM Debug|x64
		{BC669284-FAFB-4037-9972-E89C2C4D2688}.DLL ASM Release|Win32.ActiveCfg = DLL ASM Release|Win32
		{BC669284-FAFB-4037-9972-E89C2C4D2688}.DLL ASM Release|Win32.Build.0 = DLL ASM Release|Win32
		{BC669284-FAFB-4037-9972-E89C2C4D2688}.DLL ASM Release|x64.ActiveCfg = DLL ASM Release|x64
		{BC669284-FAFB-4037-9972-E89C2C4D2688}.DLL ASM Release|x64.Build.0 = DLL ASM Release|x64
		{BC669284-FAFB-4037-9972-E89C2C4D2688}.DLL Debug|Win32.ActiveCfg = DLL Debug|Win32
		{BC669284-FAFB-4037-9972-E89C2C4D2688}.DLL Debug|Win32.Build.0 = DLL Debug|Win32
		{BC669284-FAFB-4037-9972-E89C2C4D2688}.DLL Debug|x64.ActiveCfg = DLL Debug|x64
		{BC669284-FAFB-4037-9972-E89C2C4D2688}.DLL Debug|x64.Build.0 = DLL Debug|x64
		{BC669284-FAFB-4037-9972-E89C2C4D2688}.DLL Release|Win32.ActiveCfg = DLL Release|Win32
		{BC669284-FAFB-4037-9972-E89C2C4D2688}.DLL Release|Win32.Build.0 = DLL Release|Win32
		{BC669284-FAFB-4037-9972-E89C2C4D2688}.DLL Release|x64.ActiveCfg = DLL Release|x64
		{BC669284-FAFB-4037-9972-E89C2C4D2688}.DLL Release|x64.Build.0 = DLL Release|x64
		{BC669284-FAFB-4037-9972-E89C2C4D2688}.LIB ASM Debug|Win32.ActiveCfg = LIB ASM Debug|Win32
		{BC669284-FAFB-4037-9972-E89C2C4D2688}.LIB ASM Debug|Win32.Build.0 = LIB ASM Debug|Win32
		{BC669284-FAFB-4037-9972-E89C2C4D2688}.LIB ASM Debug|x64.ActiveCfg = LIB ASM Debug|x64
		{BC669284-FAFB-4037-9972-E89C2C4D2688}.LIB ASM Debug|x64.Build.0 = LIB ASM Debug|x64
		{BC669284-FAFB-4037-9972-E89C2C4D2688}.LIB ASM Release|Win32.ActiveCfg = LIB ASM Release|Win32
		{BC669284-FAFB-4037-9972-E89C2C4D2688}.LIB ASM Release|Win32.Build.0 = LIB ASM Release|Win32
		{BC669284-FAFB-4037-9972-E89C2C4D2688}.LIB ASM Release|x64.ActiveCfg = LIB ASM Release|x64
		{BC669284-FAFB-4037-9972-E89C2C4D2688}.LIB ASM Release|x64.Build.0 = LIB ASM Release|x64
		{BC669284-FAFB-4037-9972-E89C2C4D2688}.LIB Debug|Win32.ActiveCfg = LIB Debug|Win32
		{BC669284-FAFB-4037-9972-E89C2C4D2688}.LIB Debug|Win32.Build.0 = LIB Debug|Win32
		{BC669284-FAFB-4037-9972-E89C2C4D2688}.LIB Debug|x64.ActiveCfg = LIB Debug|x64
		{BC669284-FAFB-4037-9972-E89C2C4D2688}.LIB Debug|x64.Build.0 = LIB Debug|x64
		{BC669284-FAFB-4037-9972-E89C2C4D2688}.LIB Release|Win32.ActiveCfg = LIB Release|x64
		{BC669284-FAFB-4037-9972-E89C2C4D2688}.LIB Release|Win32.Build.0 = LIB Release|x64
		{BC669284-FAFB-4037-9972-E89C2C4D2688}.LIB Release|x64.ActiveCfg = LIB Release|x64
		{BC669284-FAFB-4037-9972-E89C2C4D2688}.LIB Release|x64.Build.0 = LIB Release|x64
	EndGlobalSection
	GlobalSection(SolutionProperties) = preSolution
		HideSolutionNode = FALSE
	EndGlobalSection
EndGlobal
