
Microsoft Visual Studio Solution File, Format Version 11.00
# Visual Studio 2010
Project("{FAE04EC0-301F-11D3-BF4B-00C04F79EFBC}") = "KarottoXros", "KarottoXros\KarottoXros.csproj", "{D4C1F03C-CE7A-40E9-B938-1FD6C3E481C1}"
EndProject
Global
	GlobalSection(SolutionConfigurationPlatforms) = preSolution
		Debug|Any CPU = Debug|Any CPU
		Release|Any CPU = Release|Any CPU
	EndGlobalSection
	GlobalSection(ProjectConfigurationPlatforms) = postSolution
		{D4C1F03C-CE7A-40E9-B938-1FD6C3E481C1}.Debug|Any CPU.ActiveCfg = Debug|Any CPU
		{D4C1F03C-CE7A-40E9-B938-1FD6C3E481C1}.Debug|Any CPU.Build.0 = Debug|Any CPU
		{D4C1F03C-CE7A-40E9-B938-1FD6C3E481C1}.Release|Any CPU.ActiveCfg = Release|Any CPU
		{D4C1F03C-CE7A-40E9-B938-1FD6C3E481C1}.Release|Any CPU.Build.0 = Release|Any CPU
	EndGlobalSection
	GlobalSection(SolutionProperties) = preSolution
		HideSolutionNode = FALSE
	EndGlobalSection
EndGlobal
